
Microsoft Visual Studio Solution File, Format Version 12.00
# Visual Studio Version 17
VisualStudioVersion = 17.0.31903.59
MinimumVisualStudioVersion = 10.0.40219.1
Project("{2150E333-8FDC-42A3-9474-1A3956D46DE8}") = "src", "src", "{827E0CD3-B72D-47B6-A68D-7590B98EB39B}"
EndProject
Project("{2150E333-8FDC-42A3-9474-1A3956D46DE8}") = "Shared", "Shared", "{C8E42992-5E42-0C2B-DBFE-AA848D06431C}"
EndProject
Project("{FAE04EC0-301F-11D3-BF4B-00C04F79EFBC}") = "OneLine.Shared.Domain", "src\Shared\OneLine.Shared.Domain\OneLine.Shared.Domain.csproj", "{0BD84DC4-59D0-4331-8F71-BBEF060179D9}"
EndProject
Project("{2150E333-8FDC-42A3-9474-1A3956D46DE8}") = "Modules", "Modules", "{EC447DCF-ABFA-6E24-52A5-D7FD48A5C558}"
EndProject
Project("{2150E333-8FDC-42A3-9474-1A3956D46DE8}") = "Auth", "Auth", "{E9D55F35-C373-3DD8-6914-3213F2F582A2}"
EndProject
Project("{FAE04EC0-301F-11D3-BF4B-00C04F79EFBC}") = "OneLine.Auth.Domain", "src\Modules\Auth\OneLine.Auth.Domain\OneLine.Auth.Domain.csproj", "{F91F7E8A-45F5-4C85-B8FF-12C540E30883}"
EndProject
Project("{FAE04EC0-301F-11D3-BF4B-00C04F79EFBC}") = "OneLine.Auth.Application", "src\Modules\Auth\OneLine.Auth.Application\OneLine.Auth.Application.csproj", "{319BF3C0-D9D7-4B15-9638-A434EFD94856}"
EndProject
Project("{FAE04EC0-301F-11D3-BF4B-00C04F79EFBC}") = "OneLine.Auth.Infrastructure", "src\Modules\Auth\OneLine.Auth.Infrastructure\OneLine.Auth.Infrastructure.csproj", "{456EEB71-8F54-4090-9B30-4DAB2EA18FBA}"
EndProject
Project("{FAE04EC0-301F-11D3-BF4B-00C04F79EFBC}") = "OneLine.API", "src\OneLine.API\OneLine.API.csproj", "{B8F1F22C-CBE4-44EA-A7BF-74C47BF23D18}"
EndProject
Project("{2150E333-8FDC-42A3-9474-1A3956D46DE8}") = "Security", "Security", "{282EE0EF-0719-FA39-321C-A995029F2B89}"
EndProject
Project("{FAE04EC0-301F-11D3-BF4B-00C04F79EFBC}") = "OneLine.Security.Infrastructure", "src\Modules\Security\OneLine.Security.Infrastructure\OneLine.Security.Infrastructure.csproj", "{5542872B-5C89-4C3D-9B48-A72D1079CAA2}"
EndProject
Project("{2150E333-8FDC-42A3-9474-1A3956D46DE8}") = "Observability", "Observability", "{3C840003-8508-DBBC-31E7-DAACF9D83055}"
EndProject
Project("{FAE04EC0-301F-11D3-BF4B-00C04F79EFBC}") = "OneLine.Observability.Infrastructure", "src\Modules\Observability\OneLine.Observability.Infrastructure\OneLine.Observability.Infrastructure.csproj", "{9CB1A374-9EE7-4DEC-ACC5-A6EC2DA14439}"
EndProject
Global
	GlobalSection(SolutionConfigurationPlatforms) = preSolution
		Debug|Any CPU = Debug|Any CPU
		Debug|x64 = Debug|x64
		Debug|x86 = Debug|x86
		Release|Any CPU = Release|Any CPU
		Release|x64 = Release|x64
		Release|x86 = Release|x86
	EndGlobalSection
	GlobalSection(ProjectConfigurationPlatforms) = postSolution
		{0BD84DC4-59D0-4331-8F71-BBEF060179D9}.Debug|Any CPU.ActiveCfg = Debug|Any CPU
		{0BD84DC4-59D0-4331-8F71-BBEF060179D9}.Debug|Any CPU.Build.0 = Debug|Any CPU
		{0BD84DC4-59D0-4331-8F71-BBEF060179D9}.Debug|x64.ActiveCfg = Debug|Any CPU
		{0BD84DC4-59D0-4331-8F71-BBEF060179D9}.Debug|x64.Build.0 = Debug|Any CPU
		{0BD84DC4-59D0-4331-8F71-BBEF060179D9}.Debug|x86.ActiveCfg = Debug|Any CPU
		{0BD84DC4-59D0-4331-8F71-BBEF060179D9}.Debug|x86.Build.0 = Debug|Any CPU
		{0BD84DC4-59D0-4331-8F71-BBEF060179D9}.Release|Any CPU.ActiveCfg = Release|Any CPU
		{0BD84DC4-59D0-4331-8F71-BBEF060179D9}.Release|Any CPU.Build.0 = Release|Any CPU
		{0BD84DC4-59D0-4331-8F71-BBEF060179D9}.Release|x64.ActiveCfg = Release|Any CPU
		{0BD84DC4-59D0-4331-8F71-BBEF060179D9}.Release|x64.Build.0 = Release|Any CPU
		{0BD84DC4-59D0-4331-8F71-BBEF060179D9}.Release|x86.ActiveCfg = Release|Any CPU
		{0BD84DC4-59D0-4331-8F71-BBEF060179D9}.Release|x86.Build.0 = Release|Any CPU
		{F91F7E8A-45F5-4C85-B8FF-12C540E30883}.Debug|Any CPU.ActiveCfg = Debug|Any CPU
		{F91F7E8A-45F5-4C85-B8FF-12C540E30883}.Debug|Any CPU.Build.0 = Debug|Any CPU
		{F91F7E8A-45F5-4C85-B8FF-12C540E30883}.Debug|x64.ActiveCfg = Debug|Any CPU
		{F91F7E8A-45F5-4C85-B8FF-12C540E30883}.Debug|x64.Build.0 = Debug|Any CPU
		{F91F7E8A-45F5-4C85-B8FF-12C540E30883}.Debug|x86.ActiveCfg = Debug|Any CPU
		{F91F7E8A-45F5-4C85-B8FF-12C540E30883}.Debug|x86.Build.0 = Debug|Any CPU
		{F91F7E8A-45F5-4C85-B8FF-12C540E30883}.Release|Any CPU.ActiveCfg = Release|Any CPU
		{F91F7E8A-45F5-4C85-B8FF-12C540E30883}.Release|Any CPU.Build.0 = Release|Any CPU
		{F91F7E8A-45F5-4C85-B8FF-12C540E30883}.Release|x64.ActiveCfg = Release|Any CPU
		{F91F7E8A-45F5-4C85-B8FF-12C540E30883}.Release|x64.Build.0 = Release|Any CPU
		{F91F7E8A-45F5-4C85-B8FF-12C540E30883}.Release|x86.ActiveCfg = Release|Any CPU
		{F91F7E8A-45F5-4C85-B8FF-12C540E30883}.Release|x86.Build.0 = Release|Any CPU
		{319BF3C0-D9D7-4B15-9638-A434EFD94856}.Debug|Any CPU.ActiveCfg = Debug|Any CPU
		{319BF3C0-D9D7-4B15-9638-A434EFD94856}.Debug|Any CPU.Build.0 = Debug|Any CPU
		{319BF3C0-D9D7-4B15-9638-A434EFD94856}.Debug|x64.ActiveCfg = Debug|Any CPU
		{319BF3C0-D9D7-4B15-9638-A434EFD94856}.Debug|x64.Build.0 = Debug|Any CPU
		{319BF3C0-D9D7-4B15-9638-A434EFD94856}.Debug|x86.ActiveCfg = Debug|Any CPU
		{319BF3C0-D9D7-4B15-9638-A434EFD94856}.Debug|x86.Build.0 = Debug|Any CPU
		{319BF3C0-D9D7-4B15-9638-A434EFD94856}.Release|Any CPU.ActiveCfg = Release|Any CPU
		{319BF3C0-D9D7-4B15-9638-A434EFD94856}.Release|Any CPU.Build.0 = Release|Any CPU
		{319BF3C0-D9D7-4B15-9638-A434EFD94856}.Release|x64.ActiveCfg = Release|Any CPU
		{319BF3C0-D9D7-4B15-9638-A434EFD94856}.Release|x64.Build.0 = Release|Any CPU
		{319BF3C0-D9D7-4B15-9638-A434EFD94856}.Release|x86.ActiveCfg = Release|Any CPU
		{319BF3C0-D9D7-4B15-9638-A434EFD94856}.Release|x86.Build.0 = Release|Any CPU
		{456EEB71-8F54-4090-9B30-4DAB2EA18FBA}.Debug|Any CPU.ActiveCfg = Debug|Any CPU
		{456EEB71-8F54-4090-9B30-4DAB2EA18FBA}.Debug|Any CPU.Build.0 = Debug|Any CPU
		{456EEB71-8F54-4090-9B30-4DAB2EA18FBA}.Debug|x64.ActiveCfg = Debug|Any CPU
		{456EEB71-8F54-4090-9B30-4DAB2EA18FBA}.Debug|x64.Build.0 = Debug|Any CPU
		{456EEB71-8F54-4090-9B30-4DAB2EA18FBA}.Debug|x86.ActiveCfg = Debug|Any CPU
		{456EEB71-8F54-4090-9B30-4DAB2EA18FBA}.Debug|x86.Build.0 = Debug|Any CPU
		{456EEB71-8F54-4090-9B30-4DAB2EA18FBA}.Release|Any CPU.ActiveCfg = Release|Any CPU
		{456EEB71-8F54-4090-9B30-4DAB2EA18FBA}.Release|Any CPU.Build.0 = Release|Any CPU
		{456EEB71-8F54-4090-9B30-4DAB2EA18FBA}.Release|x64.ActiveCfg = Release|Any CPU
		{456EEB71-8F54-4090-9B30-4DAB2EA18FBA}.Release|x64.Build.0 = Release|Any CPU
		{456EEB71-8F54-4090-9B30-4DAB2EA18FBA}.Release|x86.ActiveCfg = Release|Any CPU
		{456EEB71-8F54-4090-9B30-4DAB2EA18FBA}.Release|x86.Build.0 = Release|Any CPU
		{B8F1F22C-CBE4-44EA-A7BF-74C47BF23D18}.Debug|Any CPU.ActiveCfg = Debug|Any CPU
		{B8F1F22C-CBE4-44EA-A7BF-74C47BF23D18}.Debug|Any CPU.Build.0 = Debug|Any CPU
		{B8F1F22C-CBE4-44EA-A7BF-74C47BF23D18}.Debug|x64.ActiveCfg = Debug|Any CPU
		{B8F1F22C-CBE4-44EA-A7BF-74C47BF23D18}.Debug|x64.Build.0 = Debug|Any CPU
		{B8F1F22C-CBE4-44EA-A7BF-74C47BF23D18}.Debug|x86.ActiveCfg = Debug|Any CPU
		{B8F1F22C-CBE4-44EA-A7BF-74C47BF23D18}.Debug|x86.Build.0 = Debug|Any CPU
		{B8F1F22C-CBE4-44EA-A7BF-74C47BF23D18}.Release|Any CPU.ActiveCfg = Release|Any CPU
		{B8F1F22C-CBE4-44EA-A7BF-74C47BF23D18}.Release|Any CPU.Build.0 = Release|Any CPU
		{B8F1F22C-CBE4-44EA-A7BF-74C47BF23D18}.Release|x64.ActiveCfg = Release|Any CPU
		{B8F1F22C-CBE4-44EA-A7BF-74C47BF23D18}.Release|x64.Build.0 = Release|Any CPU
		{B8F1F22C-CBE4-44EA-A7BF-74C47BF23D18}.Release|x86.ActiveCfg = Release|Any CPU
		{B8F1F22C-CBE4-44EA-A7BF-74C47BF23D18}.Release|x86.Build.0 = Release|Any CPU
		{5542872B-5C89-4C3D-9B48-A72D1079CAA2}.Debug|Any CPU.ActiveCfg = Debug|Any CPU
		{5542872B-5C89-4C3D-9B48-A72D1079CAA2}.Debug|Any CPU.Build.0 = Debug|Any CPU
		{5542872B-5C89-4C3D-9B48-A72D1079CAA2}.Debug|x64.ActiveCfg = Debug|Any CPU
		{5542872B-5C89-4C3D-9B48-A72D1079CAA2}.Debug|x64.Build.0 = Debug|Any CPU
		{5542872B-5C89-4C3D-9B48-A72D1079CAA2}.Debug|x86.ActiveCfg = Debug|Any CPU
		{5542872B-5C89-4C3D-9B48-A72D1079CAA2}.Debug|x86.Build.0 = Debug|Any CPU
		{5542872B-5C89-4C3D-9B48-A72D1079CAA2}.Release|Any CPU.ActiveCfg = Release|Any CPU
		{5542872B-5C89-4C3D-9B48-A72D1079CAA2}.Release|Any CPU.Build.0 = Release|Any CPU
		{5542872B-5C89-4C3D-9B48-A72D1079CAA2}.Release|x64.ActiveCfg = Release|Any CPU
		{5542872B-5C89-4C3D-9B48-A72D1079CAA2}.Release|x64.Build.0 = Release|Any CPU
		{5542872B-5C89-4C3D-9B48-A72D1079CAA2}.Release|x86.ActiveCfg = Release|Any CPU
		{5542872B-5C89-4C3D-9B48-A72D1079CAA2}.Release|x86.Build.0 = Release|Any CPU
		{9CB1A374-9EE7-4DEC-ACC5-A6EC2DA14439}.Debug|Any CPU.ActiveCfg = Debug|Any CPU
		{9CB1A374-9EE7-4DEC-ACC5-A6EC2DA14439}.Debug|Any CPU.Build.0 = Debug|Any CPU
		{9CB1A374-9EE7-4DEC-ACC5-A6EC2DA14439}.Debug|x64.ActiveCfg = Debug|Any CPU
		{9CB1A374-9EE7-4DEC-ACC5-A6EC2DA14439}.Debug|x64.Build.0 = Debug|Any CPU
		{9CB1A374-9EE7-4DEC-ACC5-A6EC2DA14439}.Debug|x86.ActiveCfg = Debug|Any CPU
		{9CB1A374-9EE7-4DEC-ACC5-A6EC2DA14439}.Debug|x86.Build.0 = Debug|Any CPU
		{9CB1A374-9EE7-4DEC-ACC5-A6EC2DA14439}.Release|Any CPU.ActiveCfg = Release|Any CPU
		{9CB1A374-9EE7-4DEC-ACC5-A6EC2DA14439}.Release|Any CPU.Build.0 = Release|Any CPU
		{9CB1A374-9EE7-4DEC-ACC5-A6EC2DA14439}.Release|x64.ActiveCfg = Release|Any CPU
		{9CB1A374-9EE7-4DEC-ACC5-A6EC2DA14439}.Release|x64.Build.0 = Release|Any CPU
		{9CB1A374-9EE7-4DEC-ACC5-A6EC2DA14439}.Release|x86.ActiveCfg = Release|Any CPU
		{9CB1A374-9EE7-4DEC-ACC5-A6EC2DA14439}.Release|x86.Build.0 = Release|Any CPU
	EndGlobalSection
	GlobalSection(SolutionProperties) = preSolution
		HideSolutionNode = FALSE
	EndGlobalSection
	GlobalSection(NestedProjects) = preSolution
		{C8E42992-5E42-0C2B-DBFE-AA848D06431C} = {827E0CD3-B72D-47B6-A68D-7590B98EB39B}
		{0BD84DC4-59D0-4331-8F71-BBEF060179D9} = {C8E42992-5E42-0C2B-DBFE-AA848D06431C}
		{EC447DCF-ABFA-6E24-52A5-D7FD48A5C558} = {827E0CD3-B72D-47B6-A68D-7590B98EB39B}
		{E9D55F35-C373-3DD8-6914-3213F2F582A2} = {EC447DCF-ABFA-6E24-52A5-D7FD48A5C558}
		{F91F7E8A-45F5-4C85-B8FF-12C540E30883} = {E9D55F35-C373-3DD8-6914-3213F2F582A2}
		{319BF3C0-D9D7-4B15-9638-A434EFD94856} = {E9D55F35-C373-3DD8-6914-3213F2F582A2}
		{456EEB71-8F54-4090-9B30-4DAB2EA18FBA} = {E9D55F35-C373-3DD8-6914-3213F2F582A2}
		{B8F1F22C-CBE4-44EA-A7BF-74C47BF23D18} = {827E0CD3-B72D-47B6-A68D-7590B98EB39B}
		{282EE0EF-0719-FA39-321C-A995029F2B89} = {EC447DCF-ABFA-6E24-52A5-D7FD48A5C558}
		{5542872B-5C89-4C3D-9B48-A72D1079CAA2} = {282EE0EF-0719-FA39-321C-A995029F2B89}
		{3C840003-8508-DBBC-31E7-DAACF9D83055} = {EC447DCF-ABFA-6E24-52A5-D7FD48A5C558}
		{9CB1A374-9EE7-4DEC-ACC5-A6EC2DA14439} = {3C840003-8508-DBBC-31E7-DAACF9D83055}
	EndGlobalSection
	GlobalSection(ExtensibilityGlobals) = postSolution
		SolutionGuid = {43D19887-294D-4294-A52F-D801B5441803}
	EndGlobalSection
EndGlobal
